<?xml version="1.0" encoding="UTF-8"?>
<Scheme
   LastUpgradeVersion = "0500"
   version = "1.3">
   <BuildAction
      parallelizeBuildables = "YES"
      buildImplicitDependencies = "YES">
      <BuildActionEntries>
         <BuildActionEntry
            buildForTesting = "YES"
            buildForRunning = "YES"
            buildForProfiling = "YES"
            buildForArchiving = "YES"
            buildForAnalyzing = "YES">
            <BuildableReference
               BuildableIdentifier = "primary"
               BlueprintIdentifier = "4FA72F541899D3BF00AFD8B3"
               BuildableName = "Chime.framework"
               BlueprintName = "Chime Mac Framework"
               ReferencedContainer = "container:Chime Frameworks/Chime Mac Framework/Chime Mac Framework.xcodeproj">
            </BuildableReference>
         </BuildActionEntry>
         <BuildActionEntry
            buildForTesting = "YES"
            buildForRunning = "NO"
            buildForProfiling = "NO"
            buildForArchiving = "NO"
            buildForAnalyzing = "NO">
            <BuildableReference
               BuildableIdentifier = "primary"
               BlueprintIdentifier = "4FA72F6B1899D3BF00AFD8B3"
               BuildableName = "Chime Mac Framework Tests.xctest"
               BlueprintName = "Chime Mac Framework Tests"
               ReferencedContainer = "container:Chime Frameworks/Chime Mac Framework/Chime Mac Framework.xcodeproj">
            </BuildableReference>
         </BuildActionEntry>
         <BuildActionEntry
            buildForTesting = "YES"
            buildForRunning = "YES"
            buildForProfiling = "NO"
            buildForArchiving = "YES"
            buildForAnalyzing = "YES">
            <BuildableReference
               BuildableIdentifier = "primary"
               BlueprintIdentifier = "4FA72FA8189A325E00AFD8B3"
               BuildableName = "Chime Project Indexer.app"
               BlueprintName = "Chime Project Indexer"
               ReferencedContainer = "container:Chime Test Apps/Chime Project Indexer/Chime Project Indexer.xcodeproj">
            </BuildableReference>
         </BuildActionEntry>
         <BuildActionEntry
            buildForTesting = "YES"
            buildForRunning = "NO"
            buildForProfiling = "NO"
            buildForArchiving = "NO"
            buildForAnalyzing = "NO">
            <BuildableReference
               BuildableIdentifier = "primary"
               BlueprintIdentifier = "4FA72FC9189A325E00AFD8B3"
               BuildableName = "Chime Project Indexer Tests.xctest"
               BlueprintName = "Chime Project Indexer Tests"
               ReferencedContainer = "container:Chime Test Apps/Chime Project Indexer/Chime Project Indexer.xcodeproj">
            </BuildableReference>
         </BuildActionEntry>
      </BuildActionEntries>
   </BuildAction>
   <TestAction
      selectedDebuggerIdentifier = "Xcode.DebuggerFoundation.Debugger.LLDB"
      selectedLauncherIdentifier = "Xcode.DebuggerFoundation.Launcher.LLDB"
      shouldUseLaunchSchemeArgsEnv = "YES"
      buildConfiguration = "Debug">
      <Testables>
         <TestableReference
            skipped = "NO">
            <BuildableReference
               BuildableIdentifier = "primary"
               BlueprintIdentifier = "4FA72F6B1899D3BF00AFD8B3"
               BuildableName = "Chime Mac Framework Tests.xctest"
               BlueprintName = "Chime Mac Framework Tests"
               ReferencedContainer = "container:Chime Frameworks/Chime Mac Framework/Chime Mac Framework.xcodeproj">
            </BuildableReference>
         </TestableReference>
         <TestableReference
            skipped = "NO">
            <BuildableReference
               BuildableIdentifier = "primary"
               BlueprintIdentifier = "4FA72FC9189A325E00AFD8B3"
               BuildableName = "Chime Project Indexer Tests.xctest"
               BlueprintName = "Chime Project Indexer Tests"
               ReferencedContainer = "container:Chime Test Apps/Chime Project Indexer/Chime Project Indexer.xcodeproj">
            </BuildableReference>
         </TestableReference>
      </Testables>
      <MacroExpansion>
         <BuildableReference
            BuildableIdentifier = "primary"
            BlueprintIdentifier = "4FA72FA8189A325E00AFD8B3"
            BuildableName = "Chime Project Indexer.app"
            BlueprintName = "Chime Project Indexer"
            ReferencedContainer = "container:Chime Test Apps/Chime Project Indexer/Chime Project Indexer.xcodeproj">
         </BuildableReference>
      </MacroExpansion>
   </TestAction>
   <LaunchAction
      selectedDebuggerIdentifier = "Xcode.DebuggerFoundation.Debugger.LLDB"
      selectedLauncherIdentifier = "Xcode.DebuggerFoundation.Launcher.LLDB"
      launchStyle = "0"
      useCustomWorkingDirectory = "NO"
      buildConfiguration = "Debug"
      ignoresPersistentStateOnLaunch = "NO"
      debugDocumentVersioning = "YES"
      allowLocationSimulation = "YES">
      <BuildableProductRunnable>
         <BuildableReference
            BuildableIdentifier = "primary"
            BlueprintIdentifier = "4FA72FA8189A325E00AFD8B3"
            BuildableName = "Chime Project Indexer.app"
            BlueprintName = "Chime Project Indexer"
            ReferencedContainer = "container:Chime Test Apps/Chime Project Indexer/Chime Project Indexer.xcodeproj">
         </BuildableReference>
      </BuildableProductRunnable>
      <AdditionalOptions>
      </AdditionalOptions>
   </LaunchAction>
   <ProfileAction
      shouldUseLaunchSchemeArgsEnv = "YES"
      savedToolIdentifier = ""
      useCustomWorkingDirectory = "NO"
      buildConfiguration = "Release"
      debugDocumentVersioning = "YES">
   </ProfileAction>
   <AnalyzeAction
      buildConfiguration = "Debug">
   </AnalyzeAction>
   <ArchiveAction
      buildConfiguration = "Release"
      revealArchiveInOrganizer = "YES">
   </ArchiveAction>
</Scheme>
